dependencies:
  '@jfonx/console-utils': 1.0.3
  '@jfonx/file-utils': 3.0.1
  chokidar: 3.5.0
  commander: 6.2.1
  find-node-modules: 2.1.0
  globby: 11.0.2
  normalize-path: 3.0.0
devDependencies:
  '@types/node': 11.13.13
  prettier: 2.2.1
  rimraf: 3.0.2
  typescript: 4.1.2
lockfileVersion: 5.2
packages:
  /@jfonx/console-utils/1.0.3:
    dependencies:
      colors: 1.3.3
    dev: false
    resolution:
      integrity: sha512-/XbnqjWc7yNZVLAJJO9rimfIz9DYte+cj3EF9hwhIv7vw6ok2t3cjl0huYsmD89srKH03vWjeqAcIH86CuYj3g==
  /@jfonx/file-utils/3.0.1:
    dependencies:
      '@jfonx/console-utils': 1.0.3
      comment-json: 4.1.0
      find-up: 4.1.0
    dev: false
    resolution:
      integrity: sha512-qwH0CuzWmghtTHGMyuPHj6SJPQgWeiXFJBfrxCWMbzxVCa3aLZPEfzSdlSnC/UABsk6feRkNdHXw59rVshNPqw==
  /@nodelib/fs.scandir/2.1.4:
    dependencies:
      '@nodelib/fs.stat': 2.0.4
      run-parallel: 1.1.10
    dev: false
    engines:
      node: '>= 8'
    resolution:
      integrity: sha512-33g3pMJk3bg5nXbL/+CY6I2eJDzZAni49PfJnL5fghPTggPvBd/pFNSgJsdAgWptuFu7qq/ERvOYFlhvsLTCKA==
  /@nodelib/fs.stat/2.0.4:
    dev: false
    engines:
      node: '>= 8'
    resolution:
      integrity: sha512-IYlHJA0clt2+Vg7bccq+TzRdJvv19c2INqBSsoOLp1je7xjtr7J26+WXR72MCdvU9q1qTzIWDfhMf+DRvQJK4Q==
  /@nodelib/fs.walk/1.2.6:
    dependencies:
      '@nodelib/fs.scandir': 2.1.4
      fastq: 1.10.0
    dev: false
    engines:
      node: '>= 8'
    resolution:
      integrity: sha512-8Broas6vTtW4GIXTAHDoE32hnN2M5ykgCpWGbuXHQ15vEMqr23pB76e/GZcYsZCHALv50ktd24qhEyKr6wBtow==
  /@types/node/11.13.13:
    dev: true
    resolution:
      integrity: sha512-GFWH7e4Q/OGLAO545bupVju+nE1YtLSwYAdLfSzAXnTPqoqKoXCOEtB7Cluvg9B/h2nGLhyzCDyCInYvrOE2nw==
  /anymatch/3.1.1:
    dependencies:
      normalize-path: 3.0.0
      picomatch: 2.2.2
    dev: false
    engines:
      node: '>= 8'
    resolution:
      integrity: sha512-mM8522psRCqzV+6LhomX5wgp25YVibjh8Wj23I5RPkPppSVSjyKD2A2mBJmWGa+KN7f2D6LNh9jkBCeyLktzjg==
  /array-timsort/1.0.3:
    dev: false
    resolution:
      integrity: sha512-/+3GRL7dDAGEfM6TseQk/U+mi18TU2Ms9I3UlLdUMhz2hbvGNTKdj9xniwXfUqgYhHxRx0+8UnKkvlNwVU+cWQ==
  /array-union/2.1.0:
    dev: false
    engines:
      node: '>=8'
    resolution:
      integrity: sha512-HGyxoOTYUyCM6stUe6EJgnd4EoewAI7zMdfqO+kGjnlZmBDz/cR5pf8r/cR4Wq60sL/p0IkcjUEEPwS3GFrIyw==
  /balanced-match/1.0.0:
    dev: true
    resolution:
      integrity: sha1-ibTRmasr7kneFk6gK4nORi1xt2c=
  /binary-extensions/2.0.0:
    dev: false
    engines:
      node: '>=8'
    resolution:
      integrity: sha512-Phlt0plgpIIBOGTT/ehfFnbNlfsDEiqmzE2KRXoX1bLIlir4X/MR+zSyBEkL05ffWgnRSf/DXv+WrUAVr93/ow==
  /brace-expansion/1.1.11:
    dependencies:
      balanced-match: 1.0.0
      concat-map: 0.0.1
    dev: true
    resolution:
      integrity: sha512-iCuPHDFgrHX7H2vEI/5xpz07zSHB00TpugqhmYtVmMO6518mCuRMoOYFldEBl0g187ufozdaHgWKcYFb61qGiA==
  /braces/3.0.2:
    dependencies:
      fill-range: 7.0.1
    dev: false
    engines:
      node: '>=8'
    resolution:
      integrity: sha512-b8um+L1RzM3WDSzvhm6gIz1yfTbBt6YTlcEKAvsmqCZZFw46z626lVj9j1yEPW33H5H+lBQpZMP1k8l+78Ha0A==
  /chokidar/3.5.0:
    dependencies:
      anymatch: 3.1.1
      braces: 3.0.2
      glob-parent: 5.1.1
      is-binary-path: 2.1.0
      is-glob: 4.0.1
      normalize-path: 3.0.0
      readdirp: 3.5.0
    dev: false
    engines:
      node: '>= 8.10.0'
    optionalDependencies:
      fsevents: 2.3.1
    resolution:
      integrity: sha512-JgQM9JS92ZbFR4P90EvmzNpSGhpPBGBSj10PILeDyYFwp4h2/D9OM03wsJ4zW1fEp4ka2DGrnUeD7FuvQ2aZ2Q==
  /colors/1.3.3:
    dev: false
    engines:
      node: '>=0.1.90'
    resolution:
      integrity: sha512-mmGt/1pZqYRjMxB1axhTo16/snVZ5krrKkcmMeVKxzECMMXoCgnvTPp10QgHfcbQZw8Dq2jMNG6je4JlWU0gWg==
  /commander/6.2.1:
    dev: false
    engines:
      node: '>= 6'
    resolution:
      integrity: sha512-U7VdrJFnJgo4xjrHpTzu0yrHPGImdsmD95ZlgYSEajAn2JKzDhDTPG9kBTefmObL2w/ngeZnilk+OV9CG3d7UA==
  /comment-json/4.1.0:
    dependencies:
      array-timsort: 1.0.3
      core-util-is: 1.0.2
      esprima: 4.0.1
      has-own-prop: 2.0.0
      repeat-string: 1.6.1
    dev: false
    engines:
      node: '>= 6'
    resolution:
      integrity: sha512-WEghmVYaNq9NlWbrkzQTSsya9ycLyxJxpTQfZEan6a5Jomnjw18zS3Podf8q1Zf9BvonvQd/+Z7Z39L7KKzzdQ==
  /concat-map/0.0.1:
    dev: true
    resolution:
      integrity: sha1-2Klr13/Wjfd5OnMDajug1UBdR3s=
  /core-util-is/1.0.2:
    dev: false
    resolution:
      integrity: sha1-tf1UIgqivFq1eqtxQMlAdUUDwac=
  /detect-file/1.0.0:
    dev: false
    engines:
      node: '>=0.10.0'
    resolution:
      integrity: sha1-8NZtA2cqglyxtzvbP+YjEMjlUrc=
  /dir-glob/3.0.1:
    dependencies:
      path-type: 4.0.0
    dev: false
    engines:
      node: '>=8'
    resolution:
      integrity: sha512-WkrWp9GR4KXfKGYzOLmTuGVi1UWFfws377n9cc55/tb6DuqyF6pcQ5AbiHEshaDpY9v6oaSr2XCDidGmMwdzIA==
  /esprima/4.0.1:
    dev: false
    engines:
      node: '>=4'
    hasBin: true
    resolution:
      integrity: sha512-eGuFFw7Upda+g4p+QHvnW0RyTX/SVeJBDM/gCtMARO0cLuT2HcEKnTPvhjV6aGeqrCB/sbNop0Kszm0jsaWU4A==
  /expand-tilde/2.0.2:
    dependencies:
      homedir-polyfill: 1.0.3
    dev: false
    engines:
      node: '>=0.10.0'
    resolution:
      integrity: sha1-l+gBqgUt8CRU3kawK/YhZCzchQI=
  /fast-glob/3.2.4:
    dependencies:
      '@nodelib/fs.stat': 2.0.4
      '@nodelib/fs.walk': 1.2.6
      glob-parent: 5.1.1
      merge2: 1.4.1
      micromatch: 4.0.2
      picomatch: 2.2.2
    dev: false
    engines:
      node: '>=8'
    resolution:
      integrity: sha512-kr/Oo6PX51265qeuCYsyGypiO5uJFgBS0jksyG7FUeCyQzNwYnzrNIMR1NXfkZXsMYXYLRAHgISHBz8gQcxKHQ==
  /fastq/1.10.0:
    dependencies:
      reusify: 1.0.4
    dev: false
    resolution:
      integrity: sha512-NL2Qc5L3iQEsyYzweq7qfgy5OtXCmGzGvhElGEd/SoFWEMOEczNh5s5ocaF01HDetxz+p8ecjNPA6cZxxIHmzA==
  /fill-range/7.0.1:
    dependencies:
      to-regex-range: 5.0.1
    dev: false
    engines:
      node: '>=8'
    resolution:
      integrity: sha512-qOo9F+dMUmC2Lcb4BbVvnKJxTPjCm+RRpe4gDuGrzkL7mEVl/djYSu2OdQ2Pa302N4oqkSg9ir6jaLWJ2USVpQ==
  /find-node-modules/2.1.0:
    dependencies:
      findup-sync: 4.0.0
      merge: 1.2.1
    dev: false
    resolution:
      integrity: sha512-aMVxgoGzmZQFzqouGzKpc573hAB7LVe/0ADEqE9GZIOd81dgYA+FD2nmYZy2ELdoEx9nBTdQGzDidhy9R0UX4Q==
  /find-up/4.1.0:
    dependencies:
      locate-path: 5.0.0
      path-exists: 4.0.0
    dev: false
    engines:
      node: '>=8'
    resolution:
      integrity: sha512-PpOwAdQ/YlXQ2vj8a3h8IipDuYRi3wceVQQGYWxNINccq40Anw7BlsEXCMbt1Zt+OLA6Fq9suIpIWD0OsnISlw==
  /findup-sync/4.0.0:
    dependencies:
      detect-file: 1.0.0
      is-glob: 4.0.1
      micromatch: 4.0.2
      resolve-dir: 1.0.1
    dev: false
    engines:
      node: '>= 8'
    resolution:
      integrity: sha512-6jvvn/12IC4quLBL1KNokxC7wWTvYncaVUYSoxWw7YykPLuRrnv4qdHcSOywOI5RpkOVGeQRtWM8/q+G6W6qfQ==
  /fs.realpath/1.0.0:
    dev: true
    resolution:
      integrity: sha1-FQStJSMVjKpA20onh8sBQRmU6k8=
  /fsevents/2.3.1:
    dev: false
    engines:
      node: ^8.16.0 || ^10.6.0 || >=11.0.0
    optional: true
    os:
      - darwin
    resolution:
      integrity: sha512-YR47Eg4hChJGAB1O3yEAOkGO+rlzutoICGqGo9EZ4lKWokzZRSyIW1QmTzqjtw8MJdj9srP869CuWw/hyzSiBw==
  /glob-parent/5.1.1:
    dependencies:
      is-glob: 4.0.1
    dev: false
    engines:
      node: '>= 6'
    resolution:
      integrity: sha512-FnI+VGOpnlGHWZxthPGR+QhR78fuiK0sNLkHQv+bL9fQi57lNNdquIbna/WrfROrolq8GK5Ek6BiMwqL/voRYQ==
  /glob/7.1.6:
    dependencies:
      fs.realpath: 1.0.0
      inflight: 1.0.6
      inherits: 2.0.4
      minimatch: 3.0.4
      once: 1.4.0
      path-is-absolute: 1.0.1
    dev: true
    resolution:
      integrity: sha512-LwaxwyZ72Lk7vZINtNNrywX0ZuLyStrdDtabefZKAY5ZGJhVtgdznluResxNmPitE0SAO+O26sWTHeKSI2wMBA==
  /global-modules/1.0.0:
    dependencies:
      global-prefix: 1.0.2
      is-windows: 1.0.2
      resolve-dir: 1.0.1
    dev: false
    engines:
      node: '>=0.10.0'
    resolution:
      integrity: sha512-sKzpEkf11GpOFuw0Zzjzmt4B4UZwjOcG757PPvrfhxcLFbq0wpsgpOqxpxtxFiCG4DtG93M6XRVbF2oGdev7bg==
  /global-prefix/1.0.2:
    dependencies:
      expand-tilde: 2.0.2
      homedir-polyfill: 1.0.3
      ini: 1.3.5
      is-windows: 1.0.2
      which: 1.3.1
    dev: false
    engines:
      node: '>=0.10.0'
    resolution:
      integrity: sha1-2/dDxsFJklk8ZVVoy2btMsASLr4=
  /globby/11.0.2:
    dependencies:
      array-union: 2.1.0
      dir-glob: 3.0.1
      fast-glob: 3.2.4
      ignore: 5.1.8
      merge2: 1.4.1
      slash: 3.0.0
    dev: false
    engines:
      node: '>=10'
    resolution:
      integrity: sha512-2ZThXDvvV8fYFRVIxnrMQBipZQDr7MxKAmQK1vujaj9/7eF0efG7BPUKJ7jP7G5SLF37xKDXvO4S/KKLj/Z0og==
  /has-own-prop/2.0.0:
    dev: false
    engines:
      node: '>=8'
    resolution:
      integrity: sha512-Pq0h+hvsVm6dDEa8x82GnLSYHOzNDt7f0ddFa3FqcQlgzEiptPqL+XrOJNavjOzSYiYWIrgeVYYgGlLmnxwilQ==
  /homedir-polyfill/1.0.3:
    dependencies:
      parse-passwd: 1.0.0
    dev: false
    engines:
      node: '>=0.10.0'
    resolution:
      integrity: sha512-eSmmWE5bZTK2Nou4g0AI3zZ9rswp7GRKoKXS1BLUkvPviOqs4YTN1djQIqrXy9k5gEtdLPy86JjRwsNM9tnDcA==
  /ignore/5.1.8:
    dev: false
    engines:
      node: '>= 4'
    resolution:
      integrity: sha512-BMpfD7PpiETpBl/A6S498BaIJ6Y/ABT93ETbby2fP00v4EbvPBXWEoaR1UBPKs3iR53pJY7EtZk5KACI57i1Uw==
  /inflight/1.0.6:
    dependencies:
      once: 1.4.0
      wrappy: 1.0.2
    dev: true
    resolution:
      integrity: sha1-Sb1jMdfQLQwJvJEKEHW6gWW1bfk=
  /inherits/2.0.4:
    dev: true
    resolution:
      integrity: sha512-k/vGaX4/Yla3WzyMCvTQOXYeIHvqOKtnqBduzTHpzpQZzAskKMhZ2K+EnBiSM9zGSoIFeMpXKxa4dYeZIQqewQ==
  /ini/1.3.5:
    dev: false
    resolution:
      integrity: sha512-RZY5huIKCMRWDUqZlEi72f/lmXKMvuszcMBduliQ3nnWbx9X/ZBQO7DijMEYS9EhHBb2qacRUMtC7svLwe0lcw==
  /is-binary-path/2.1.0:
    dependencies:
      binary-extensions: 2.0.0
    dev: false
    engines:
      node: '>=8'
    resolution:
      integrity: sha512-ZMERYes6pDydyuGidse7OsHxtbI7WVeUEozgR/g7rd0xUimYNlvZRE/K2MgZTjWy725IfelLeVcEM97mmtRGXw==
  /is-extglob/2.1.1:
    dev: false
    engines:
      node: '>=0.10.0'
    resolution:
      integrity: sha1-qIwCU1eR8C7TfHahueqXc8gz+MI=
  /is-glob/4.0.1:
    dependencies:
      is-extglob: 2.1.1
    dev: false
    engines:
      node: '>=0.10.0'
    resolution:
      integrity: sha512-5G0tKtBTFImOqDnLB2hG6Bp2qcKEFduo4tZu9MT/H6NQv/ghhy30o55ufafxJ/LdH79LLs2Kfrn85TLKyA7BUg==
  /is-number/7.0.0:
    dev: false
    engines:
      node: '>=0.12.0'
    resolution:
      integrity: sha512-41Cifkg6e8TylSpdtTpeLVMqvSBEVzTttHvERD741+pnZ8ANv0004MRL43QKPDlK9cGvNp6NZWZUBlbGXYxxng==
  /is-windows/1.0.2:
    dev: false
    engines:
      node: '>=0.10.0'
    resolution:
      integrity: sha512-eXK1UInq2bPmjyX6e3VHIzMLobc4J94i4AWn+Hpq3OU5KkrRC96OAcR3PRJ/pGu6m8TRnBHP9dkXQVsT/COVIA==
  /isexe/2.0.0:
    dev: false
    resolution:
      integrity: sha1-6PvzdNxVb/iUehDcsFctYz8s+hA=
  /locate-path/5.0.0:
    dependencies:
      p-locate: 4.1.0
    dev: false
    engines:
      node: '>=8'
    resolution:
      integrity: sha512-t7hw9pI+WvuwNJXwk5zVHpyhIqzg2qTlklJOf0mVxGSbe3Fp2VieZcduNYjaLDoy6p9uGpQEGWG87WpMKlNq8g==
  /merge/1.2.1:
    dev: false
    resolution:
      integrity: sha512-VjFo4P5Whtj4vsLzsYBu5ayHhoHJ0UqNm7ibvShmbmoz7tGi0vXaoJbGdB+GmDMLUdg8DpQXEIeVDAe8MaABvQ==
  /merge2/1.4.1:
    dev: false
    engines:
      node: '>= 8'
    resolution:
      integrity: sha512-8q7VEgMJW4J8tcfVPy8g09NcQwZdbwFEqhe/WZkoIzjn/3TGDwtOCYtXGxA3O8tPzpczCCDgv+P2P5y00ZJOOg==
  /micromatch/4.0.2:
    dependencies:
      braces: 3.0.2
      picomatch: 2.2.2
    dev: false
    engines:
      node: '>=8'
    resolution:
      integrity: sha512-y7FpHSbMUMoyPbYUSzO6PaZ6FyRnQOpHuKwbo1G+Knck95XVU4QAiKdGEnj5wwoS7PlOgthX/09u5iFJ+aYf5Q==
  /minimatch/3.0.4:
    dependencies:
      brace-expansion: 1.1.11
    dev: true
    resolution:
      integrity: sha512-yJHVQEhyqPLUTgt9B83PXu6W3rx4MvvHvSUvToogpwoGDOUQ+yDrR0HRot+yOCdCO7u4hX3pWft6kWBBcqh0UA==
  /normalize-path/3.0.0:
    dev: false
    engines:
      node: '>=0.10.0'
    resolution:
      integrity: sha512-6eZs5Ls3WtCisHWp9S2GUy8dqkpGi4BVSz3GaqiE6ezub0512ESztXUwUB6C6IKbQkY2Pnb/mD4WYojCRwcwLA==
  /once/1.4.0:
    dependencies:
      wrappy: 1.0.2
    dev: true
    resolution:
      integrity: sha1-WDsap3WWHUsROsF9nFC6753Xa9E=
  /p-limit/2.3.0:
    dependencies:
      p-try: 2.2.0
    dev: false
    engines:
      node: '>=6'
    resolution:
      integrity: sha512-//88mFWSJx8lxCzwdAABTJL2MyWB12+eIY7MDL2SqLmAkeKU9qxRvWuSyTjm3FUmpBEMuFfckAIqEaVGUDxb6w==
  /p-locate/4.1.0:
    dependencies:
      p-limit: 2.3.0
    dev: false
    engines:
      node: '>=8'
    resolution:
      integrity: sha512-R79ZZ/0wAxKGu3oYMlz8jy/kbhsNrS7SKZ7PxEHBgJ5+F2mtFW2fK2cOtBh1cHYkQsbzFV7I+EoRKe6Yt0oK7A==
  /p-try/2.2.0:
    dev: false
    engines:
      node: '>=6'
    resolution:
      integrity: sha512-R4nPAVTAU0B9D35/Gk3uJf/7XYbQcyohSKdvAxIRSNghFl4e71hVoGnBNQz9cWaXxO2I10KTC+3jMdvvoKw6dQ==
  /parse-passwd/1.0.0:
    dev: false
    engines:
      node: '>=0.10.0'
    resolution:
      integrity: sha1-bVuTSkVpk7I9N/QKOC1vFmao5cY=
  /path-exists/4.0.0:
    dev: false
    engines:
      node: '>=8'
    resolution:
      integrity: sha512-ak9Qy5Q7jYb2Wwcey5Fpvg2KoAc/ZIhLSLOSBmRmygPsGwkVVt0fZa0qrtMz+m6tJTAHfZQ8FnmB4MG4LWy7/w==
  /path-is-absolute/1.0.1:
    dev: true
    engines:
      node: '>=0.10.0'
    resolution:
      integrity: sha1-F0uSaHNVNP+8es5r9TpanhtcX18=
  /path-type/4.0.0:
    dev: false
    engines:
      node: '>=8'
    resolution:
      integrity: sha512-gDKb8aZMDeD/tZWs9P6+q0J9Mwkdl6xMV8TjnGP3qJVJ06bdMgkbBlLU8IdfOsIsFz2BW1rNVT3XuNEl8zPAvw==
  /picomatch/2.2.2:
    dev: false
    engines:
      node: '>=8.6'
    resolution:
      integrity: sha512-q0M/9eZHzmr0AulXyPwNfZjtwZ/RBZlbN3K3CErVrk50T2ASYI7Bye0EvekFY3IP1Nt2DHu0re+V2ZHIpMkuWg==
  /prettier/2.2.1:
    dev: true
    engines:
      node: '>=10.13.0'
    hasBin: true
    resolution:
      integrity: sha512-PqyhM2yCjg/oKkFPtTGUojv7gnZAoG80ttl45O6x2Ug/rMJw4wcc9k6aaf2hibP7BGVCCM33gZoGjyvt9mm16Q==
  /readdirp/3.5.0:
    dependencies:
      picomatch: 2.2.2
    dev: false
    engines:
      node: '>=8.10.0'
    resolution:
      integrity: sha512-cMhu7c/8rdhkHXWsY+osBhfSy0JikwpHK/5+imo+LpeasTF8ouErHrlYkwT0++njiyuDvc7OFY5T3ukvZ8qmFQ==
  /repeat-string/1.6.1:
    dev: false
    engines:
      node: '>=0.10'
    resolution:
      integrity: sha1-jcrkcOHIirwtYA//Sndihtp15jc=
  /resolve-dir/1.0.1:
    dependencies:
      expand-tilde: 2.0.2
      global-modules: 1.0.0
    dev: false
    engines:
      node: '>=0.10.0'
    resolution:
      integrity: sha1-eaQGRMNivoLybv/nOcm7U4IEb0M=
  /reusify/1.0.4:
    dev: false
    engines:
      iojs: '>=1.0.0'
      node: '>=0.10.0'
    resolution:
      integrity: sha512-U9nH88a3fc/ekCF1l0/UP1IosiuIjyTh7hBvXVMHYgVcfGvt897Xguj2UOLDeI5BG2m7/uwyaLVT6fbtCwTyzw==
  /rimraf/3.0.2:
    dependencies:
      glob: 7.1.6
    dev: true
    hasBin: true
    resolution:
      integrity: sha512-JZkJMZkAGFFPP2YqXZXPbMlMBgsxzE8ILs4lMIX/2o0L9UBw9O/Y3o6wFw/i9YLapcUJWwqbi3kdxIPdC62TIA==
  /run-parallel/1.1.10:
    dev: false
    resolution:
      integrity: sha512-zb/1OuZ6flOlH6tQyMPUrE3x3Ulxjlo9WIVXR4yVYi4H9UXQaeIsPbLn2R3O3vQCnDKkAl2qHiuocKKX4Tz/Sw==
  /slash/3.0.0:
    dev: false
    engines:
      node: '>=8'
    resolution:
      integrity: sha512-g9Q1haeby36OSStwb4ntCGGGaKsaVSjQ68fBxoQcutl5fS1vuY18H3wSt3jFyFtrkx+Kz0V1G85A4MyAdDMi2Q==
  /to-regex-range/5.0.1:
    dependencies:
      is-number: 7.0.0
    dev: false
    engines:
      node: '>=8.0'
    resolution:
      integrity: sha512-65P7iz6X5yEr1cwcgvQxbbIw7Uk3gOy5dIdtZ4rDveLqhrdJP+Li/Hx6tyK0NEb+2GCyneCMJiGqrADCSNk8sQ==
  /typescript/4.1.2:
    dev: true
    engines:
      node: '>=4.2.0'
    hasBin: true
    resolution:
      integrity: sha512-thGloWsGH3SOxv1SoY7QojKi0tc+8FnOmiarEGMbd/lar7QOEd3hvlx3Fp5y6FlDUGl9L+pd4n2e+oToGMmhRQ==
  /which/1.3.1:
    dependencies:
      isexe: 2.0.0
    dev: false
    hasBin: true
    resolution:
      integrity: sha512-HxJdYWq1MTIQbJ3nw0cqssHoTNU267KlrDuGZ1WYlxDStUtKUhOaJmh112/TZmHxxUfuJqPXSOm7tDyas0OSIQ==
  /wrappy/1.0.2:
    dev: true
    resolution:
      integrity: sha1-tSQ9jz7BqjXxNkYFvA0QNuMKtp8=
specifiers:
  '@jfonx/console-utils': ^1.0.3
  '@jfonx/file-utils': ^3.0.1
  '@types/node': ^11.12.0
  chokidar: ^3.5.0
  commander: ^6.2.1
  find-node-modules: ^2.1.0
  globby: ^11.0.2
  normalize-path: ^3.0.0
  prettier: ^2.2.1
  rimraf: ^3.0.2
  typescript: ^4.1.2
