dependencies:
  '@jfonx/console-utils': 1.0.3
  '@jfonx/file-utils': 1.0.0
  chokidar: 3.0.1
  commander: 2.20.0
  globby: 9.2.0
  normalize-path: 3.0.0
devDependencies:
  '@types/node': 11.13.13
  copyfiles: 2.4.0
  rimraf: 3.0.2
lockfileVersion: 5.2
packages:
  /@jfonx/console-utils/1.0.3:
    dependencies:
      colors: 1.3.3
    dev: false
    resolution:
      integrity: sha512-/XbnqjWc7yNZVLAJJO9rimfIz9DYte+cj3EF9hwhIv7vw6ok2t3cjl0huYsmD89srKH03vWjeqAcIH86CuYj3g==
  /@jfonx/file-utils/1.0.0:
    dependencies:
      '@jfonx/console-utils': 1.0.3
    dev: false
    resolution:
      integrity: sha512-+gqUMbScweBpWKoQGlERJgqFH1jtWwVCqRMCpHLvJyHRTxxoNIdjdeQM+c/iv9ExRYNBU/mJgCjFYbCte6U9bw==
  /@mrmlnc/readdir-enhanced/2.2.1:
    dependencies:
      call-me-maybe: 1.0.1
      glob-to-regexp: 0.3.0
    dev: false
    engines:
      node: '>=4'
    resolution:
      integrity: sha512-bPHp6Ji8b41szTOcaP63VlnbbO5Ny6dwAATtY6JTjh5N2OLrb5Qk/Th5cRkRQhkWCt+EJsYrNB0MiL+Gpn6e3g==
  /@nodelib/fs.stat/1.1.3:
    dev: false
    engines:
      node: '>= 6'
    resolution:
      integrity: sha512-shAmDyaQC4H92APFoIaVDHCx5bStIocgvbwQyxPRrbUY20V1EYTbSDchWbuwlMG3V17cprZhA6+78JfB+3DTPw==
  /@types/events/3.0.0:
    dev: false
    resolution:
      integrity: sha512-EaObqwIvayI5a8dCzhFrjKzVwKLxjoG9T6Ppd5CEo07LRKfQ8Yokw54r5+Wq7FaBQ+yXRvQAYPrHwya1/UFt9g==
  /@types/glob/7.1.1:
    dependencies:
      '@types/events': 3.0.0
      '@types/minimatch': 3.0.3
      '@types/node': 11.13.13
    dev: false
    resolution:
      integrity: sha512-1Bh06cbWJUHMC97acuD6UMG29nMt0Aqz1vF3guLfG+kHHJhy3AyohZFFxYk2f7Q1SQIrNwvncxAE0N/9s70F2w==
  /@types/minimatch/3.0.3:
    dev: false
    resolution:
      integrity: sha512-tHq6qdbT9U1IRSGf14CL0pUlULksvY9OZ+5eEgl1N7t+OA3tGvNpxJCzuKQlsNgCVwbAs670L1vcVQi8j9HjnA==
  /@types/node/11.13.13:
    resolution:
      integrity: sha512-GFWH7e4Q/OGLAO545bupVju+nE1YtLSwYAdLfSzAXnTPqoqKoXCOEtB7Cluvg9B/h2nGLhyzCDyCInYvrOE2nw==
  /ansi-regex/5.0.0:
    dev: true
    engines:
      node: '>=8'
    resolution:
      integrity: sha512-bY6fj56OUQ0hU1KjFNDQuJFezqKdrAyFdIevADiqrWHwSlbmBNMHp5ak2f40Pm8JTFyM2mqxkG6ngkHO11f/lg==
  /ansi-styles/4.3.0:
    dependencies:
      color-convert: 2.0.1
    dev: true
    engines:
      node: '>=8'
    resolution:
      integrity: sha512-zbB9rCJAT1rbjiVDb2hqKFHNYLxgtk8NURxZ3IZwD3F6NtxbXZQCnnSi1Lkx+IDohdPlFp222wVALIheZJQSEg==
  /anymatch/3.0.2:
    dependencies:
      normalize-path: 3.0.0
      picomatch: 2.0.7
    dev: false
    resolution:
      integrity: sha512-rUe9SxpRQlVg4EM8It7JMNWWYHAirTPpbTuvaSKybb5IejNgWB3PGBBX9rrPKDx2pM/p3Wh+7+ASaWRyyAbxmQ==
  /arr-diff/4.0.0:
    dev: false
    engines:
      node: '>=0.10.0'
    resolution:
      integrity: sha1-1kYQdP6/7HHn4VI1dhoyml3HxSA=
  /arr-flatten/1.1.0:
    dev: false
    engines:
      node: '>=0.10.0'
    resolution:
      integrity: sha512-L3hKV5R/p5o81R7O02IGnwpDmkp6E982XhtbuwSe3O4qOtMMMtodicASA1Cny2U+aCXcNpml+m4dPsvsJ3jatg==
  /arr-union/3.1.0:
    dev: false
    engines:
      node: '>=0.10.0'
    resolution:
      integrity: sha1-45sJrqne+Gao8gbiiK9jkZuuOcQ=
  /array-union/1.0.2:
    dependencies:
      array-uniq: 1.0.3
    dev: false
    engines:
      node: '>=0.10.0'
    resolution:
      integrity: sha1-mjRBDk9OPaI96jdb5b5w8kd47Dk=
  /array-uniq/1.0.3:
    dev: false
    engines:
      node: '>=0.10.0'
    resolution:
      integrity: sha1-r2rId6Jcx/dOBYiUdThY39sk/bY=
  /array-unique/0.3.2:
    dev: false
    engines:
      node: '>=0.10.0'
    resolution:
      integrity: sha1-qJS3XUvE9s1nnvMkSp/Y9Gri1Cg=
  /assign-symbols/1.0.0:
    dev: false
    engines:
      node: '>=0.10.0'
    resolution:
      integrity: sha1-WWZ/QfrdTyDMvCu5a41Pf3jsA2c=
  /async-each/1.0.3:
    dev: false
    resolution:
      integrity: sha512-z/WhQ5FPySLdvREByI2vZiTWwCnF0moMJ1hK9YQwDTHKh6I7/uSckMetoRGb5UBZPC1z0jlw+n/XCgjeH7y1AQ==
  /atob/2.1.2:
    dev: false
    engines:
      node: '>= 4.5.0'
    hasBin: true
    resolution:
      integrity: sha512-Wm6ukoaOGJi/73p/cl2GvLjTI5JM1k/O14isD73YML8StrH/7/lRFgmg8nICZgD3bZZvjwCGxtMOD3wWNAu8cg==
  /balanced-match/1.0.0:
    resolution:
      integrity: sha1-ibTRmasr7kneFk6gK4nORi1xt2c=
  /base/0.11.2:
    dependencies:
      cache-base: 1.0.1
      class-utils: 0.3.6
      component-emitter: 1.3.0
      define-property: 1.0.0
      isobject: 3.0.1
      mixin-deep: 1.3.1
      pascalcase: 0.1.1
    dev: false
    engines:
      node: '>=0.10.0'
    resolution:
      integrity: sha512-5T6P4xPgpp0YDFvSWwEZ4NoE3aM4QBQXDzmVbraCkFj8zHM+mba8SyqB5DbZWyR7mYHo6Y7BdQo3MoA4m0TeQg==
  /binary-extensions/2.0.0:
    dev: false
    engines:
      node: '>=8'
    resolution:
      integrity: sha512-Phlt0plgpIIBOGTT/ehfFnbNlfsDEiqmzE2KRXoX1bLIlir4X/MR+zSyBEkL05ffWgnRSf/DXv+WrUAVr93/ow==
  /brace-expansion/1.1.11:
    dependencies:
      balanced-match: 1.0.0
      concat-map: 0.0.1
    resolution:
      integrity: sha512-iCuPHDFgrHX7H2vEI/5xpz07zSHB00TpugqhmYtVmMO6518mCuRMoOYFldEBl0g187ufozdaHgWKcYFb61qGiA==
  /braces/2.3.2:
    dependencies:
      arr-flatten: 1.1.0
      array-unique: 0.3.2
      extend-shallow: 2.0.1
      fill-range: 4.0.0
      isobject: 3.0.1
      repeat-element: 1.1.3
      snapdragon: 0.8.2
      snapdragon-node: 2.1.1
      split-string: 3.1.0
      to-regex: 3.0.2
    dev: false
    engines:
      node: '>=0.10.0'
    resolution:
      integrity: sha512-aNdbnj9P8PjdXU4ybaWLK2IF3jc/EoDYbC7AazW6to3TRsfXxscC9UXOB5iDiEQrkyIbWp2SLQda4+QAa7nc3w==
  /braces/3.0.2:
    dependencies:
      fill-range: 7.0.1
    dev: false
    engines:
      node: '>=8'
    resolution:
      integrity: sha512-b8um+L1RzM3WDSzvhm6gIz1yfTbBt6YTlcEKAvsmqCZZFw46z626lVj9j1yEPW33H5H+lBQpZMP1k8l+78Ha0A==
  /cache-base/1.0.1:
    dependencies:
      collection-visit: 1.0.0
      component-emitter: 1.3.0
      get-value: 2.0.6
      has-value: 1.0.0
      isobject: 3.0.1
      set-value: 2.0.0
      to-object-path: 0.3.0
      union-value: 1.0.0
      unset-value: 1.0.0
    dev: false
    engines:
      node: '>=0.10.0'
    resolution:
      integrity: sha512-AKcdTnFSWATd5/GCPRxr2ChwIJ85CeyrEyjRHlKxQ56d4XJMGym0uAiKn0xbLOGOl3+yRpOTi484dVCEc5AUzQ==
  /call-me-maybe/1.0.1:
    dev: false
    resolution:
      integrity: sha1-JtII6onje1y95gJQoV8DHBak1ms=
  /camelcase/5.3.1:
    dev: true
    engines:
      node: '>=6'
    resolution:
      integrity: sha512-L28STB170nwWS63UjtlEOE3dldQApaJXZkOI1uMFfzf3rRuPegHaHesyee+YxQ+W6SvRDQV6UrdOdRiR153wJg==
  /chokidar/3.0.1:
    dependencies:
      anymatch: 3.0.2
      async-each: 1.0.3
      braces: 3.0.2
      glob-parent: 5.0.0
      is-binary-path: 2.1.0
      is-glob: 4.0.1
      normalize-path: 3.0.0
      readdirp: 3.0.2
    dev: false
    engines:
      node: '>= 8'
    optionalDependencies:
      fsevents: 2.0.7
    resolution:
      integrity: sha512-2ww34sJWehnbpV0Q4k4V5Hh7juo7po6z7LUWkcIQnSGN1lHOL8GGtLtfwabKvLFQw/hbSUQ0u6V7OgGYgBzlkQ==
  /class-utils/0.3.6:
    dependencies:
      arr-union: 3.1.0
      define-property: 0.2.5
      isobject: 3.0.1
      static-extend: 0.1.2
    dev: false
    engines:
      node: '>=0.10.0'
    resolution:
      integrity: sha512-qOhPa/Fj7s6TY8H8esGu5QNpMMQxz79h+urzrNYN6mn+9BnxlDGf5QZ+XeCDsxSjPqsSR56XOZOJmpeurnLMeg==
  /cliui/6.0.0:
    dependencies:
      string-width: 4.2.0
      strip-ansi: 6.0.0
      wrap-ansi: 6.2.0
    dev: true
    resolution:
      integrity: sha512-t6wbgtoCXvAzst7QgXxJYqPt0usEfbgQdftEPbLL/cvv6HPE5VgvqCuAIDR0NgU52ds6rFwqrgakNLrHEjCbrQ==
  /collection-visit/1.0.0:
    dependencies:
      map-visit: 1.0.0
      object-visit: 1.0.1
    dev: false
    engines:
      node: '>=0.10.0'
    resolution:
      integrity: sha1-S8A3PBZLwykbTTaMgpzxqApZ3KA=
  /color-convert/2.0.1:
    dependencies:
      color-name: 1.1.4
    dev: true
    engines:
      node: '>=7.0.0'
    resolution:
      integrity: sha512-RRECPsj7iu/xb5oKYcsFHSppFNnsj/52OVTRKb4zP5onXwVF3zVmmToNcOfGC+CRDpfK/U584fMg38ZHCaElKQ==
  /color-name/1.1.4:
    dev: true
    resolution:
      integrity: sha512-dOy+3AuW3a2wNbZHIuMZpTcgjGuLU/uBL/ubcZF9OXbDo8ff4O8yVp5Bf0efS8uEoYo5q4Fx7dY9OgQGXgAsQA==
  /colors/1.3.3:
    dev: false
    engines:
      node: '>=0.1.90'
    resolution:
      integrity: sha512-mmGt/1pZqYRjMxB1axhTo16/snVZ5krrKkcmMeVKxzECMMXoCgnvTPp10QgHfcbQZw8Dq2jMNG6je4JlWU0gWg==
  /commander/2.20.0:
    dev: false
    resolution:
      integrity: sha512-7j2y+40w61zy6YC2iRNpUe/NwhNyoXrYpHMrSunaMG64nRnaf96zO/KMQR4OyN/UnE5KLyEBnKHd4aG3rskjpQ==
  /component-emitter/1.3.0:
    dev: false
    resolution:
      integrity: sha512-Rd3se6QB+sO1TwqZjscQrurpEPIfO0/yYnSin6Q/rD3mOutHvUrCAhJub3r90uNb+SESBuE0QYoB90YdfatsRg==
  /concat-map/0.0.1:
    resolution:
      integrity: sha1-2Klr13/Wjfd5OnMDajug1UBdR3s=
  /copy-descriptor/0.1.1:
    dev: false
    engines:
      node: '>=0.10.0'
    resolution:
      integrity: sha1-Z29us8OZl8LuGsOpJP1hJHSPV40=
  /copyfiles/2.4.0:
    dependencies:
      glob: 7.1.6
      minimatch: 3.0.4
      mkdirp: 1.0.4
      noms: 0.0.0
      through2: 2.0.5
      untildify: 4.0.0
      yargs: 15.4.1
    dev: true
    hasBin: true
    resolution:
      integrity: sha512-yGjpR3yjQdxccW8EcJ4a7ZCA6wGER6/Q2Y+b7bXbVxGeSHBf93i9d7MzTsx+VV1CpMKQa3v4ThZfXBcltMzl0w==
  /core-util-is/1.0.2:
    dev: true
    resolution:
      integrity: sha1-tf1UIgqivFq1eqtxQMlAdUUDwac=
  /debug/2.6.9:
    dependencies:
      ms: 2.0.0
    dev: false
    resolution:
      integrity: sha512-bC7ElrdJaJnPbAP+1EotYvqZsb3ecl5wi6Bfi6BJTUcNowp6cvspg0jXznRTKDjm/E7AdgFBVeAPVMNcKGsHMA==
  /decamelize/1.2.0:
    dev: true
    engines:
      node: '>=0.10.0'
    resolution:
      integrity: sha1-9lNNFRSCabIDUue+4m9QH5oZEpA=
  /decode-uri-component/0.2.0:
    dev: false
    engines:
      node: '>=0.10'
    resolution:
      integrity: sha1-6zkTMzRYd1y4TNGh+uBiEGu4dUU=
  /define-property/0.2.5:
    dependencies:
      is-descriptor: 0.1.6
    dev: false
    engines:
      node: '>=0.10.0'
    resolution:
      integrity: sha1-w1se+RjsPJkPmlvFe+BKrOxcgRY=
  /define-property/1.0.0:
    dependencies:
      is-descriptor: 1.0.2
    dev: false
    engines:
      node: '>=0.10.0'
    resolution:
      integrity: sha1-dp66rz9KY6rTr56NMEybvnm/sOY=
  /define-property/2.0.2:
    dependencies:
      is-descriptor: 1.0.2
      isobject: 3.0.1
    dev: false
    engines:
      node: '>=0.10.0'
    resolution:
      integrity: sha512-jwK2UV4cnPpbcG7+VRARKTZPUWowwXA8bzH5NP6ud0oeAxyYPuGZUAC7hMugpCdz4BeSZl2Dl9k66CHJ/46ZYQ==
  /dir-glob/2.2.2:
    dependencies:
      path-type: 3.0.0
    dev: false
    engines:
      node: '>=4'
    resolution:
      integrity: sha512-f9LBi5QWzIW3I6e//uxZoLBlUt9kcp66qo0sSCxL6YZKc75R1c4MFCoe/LaZiBGmgujvQdxc5Bn3QhfyvK5Hsw==
  /emoji-regex/8.0.0:
    dev: true
    resolution:
      integrity: sha512-MSjYzcWNOA0ewAHpz0MxpYFvwg6yjy1NG3xteoqz644VCo/RPgnr1/GGt+ic3iJTzQ8Eu3TdM14SawnVUmGE6A==
  /expand-brackets/2.1.4:
    dependencies:
      debug: 2.6.9
      define-property: 0.2.5
      extend-shallow: 2.0.1
      posix-character-classes: 0.1.1
      regex-not: 1.0.2
      snapdragon: 0.8.2
      to-regex: 3.0.2
    dev: false
    engines:
      node: '>=0.10.0'
    resolution:
      integrity: sha1-t3c14xXOMPa27/D4OwQVGiJEliI=
  /extend-shallow/2.0.1:
    dependencies:
      is-extendable: 0.1.1
    dev: false
    engines:
      node: '>=0.10.0'
    resolution:
      integrity: sha1-Ua99YUrZqfYQ6huvu5idaxxWiQ8=
  /extend-shallow/3.0.2:
    dependencies:
      assign-symbols: 1.0.0
      is-extendable: 1.0.1
    dev: false
    engines:
      node: '>=0.10.0'
    resolution:
      integrity: sha1-Jqcarwc7OfshJxcnRhMcJwQCjbg=
  /extglob/2.0.4:
    dependencies:
      array-unique: 0.3.2
      define-property: 1.0.0
      expand-brackets: 2.1.4
      extend-shallow: 2.0.1
      fragment-cache: 0.2.1
      regex-not: 1.0.2
      snapdragon: 0.8.2
      to-regex: 3.0.2
    dev: false
    engines:
      node: '>=0.10.0'
    resolution:
      integrity: sha512-Nmb6QXkELsuBr24CJSkilo6UHHgbekK5UiZgfE6UHD3Eb27YC6oD+bhcT+tJ6cl8dmsgdQxnWlcry8ksBIBLpw==
  /fast-glob/2.2.7:
    dependencies:
      '@mrmlnc/readdir-enhanced': 2.2.1
      '@nodelib/fs.stat': 1.1.3
      glob-parent: 3.1.0
      is-glob: 4.0.1
      merge2: 1.2.3
      micromatch: 3.1.10
    dev: false
    engines:
      node: '>=4.0.0'
    resolution:
      integrity: sha512-g1KuQwHOZAmOZMuBtHdxDtju+T2RT8jgCC9aANsbpdiDDTSnjgfuVsIBNKbUeJI3oKMRExcfNDtJl4OhbffMsw==
  /fill-range/4.0.0:
    dependencies:
      extend-shallow: 2.0.1
      is-number: 3.0.0
      repeat-string: 1.6.1
      to-regex-range: 2.1.1
    dev: false
    engines:
      node: '>=0.10.0'
    resolution:
      integrity: sha1-1USBHUKPmOsGpj3EAtJAPDKMOPc=
  /fill-range/7.0.1:
    dependencies:
      to-regex-range: 5.0.1
    dev: false
    engines:
      node: '>=8'
    resolution:
      integrity: sha512-qOo9F+dMUmC2Lcb4BbVvnKJxTPjCm+RRpe4gDuGrzkL7mEVl/djYSu2OdQ2Pa302N4oqkSg9ir6jaLWJ2USVpQ==
  /find-up/4.1.0:
    dependencies:
      locate-path: 5.0.0
      path-exists: 4.0.0
    dev: true
    engines:
      node: '>=8'
    resolution:
      integrity: sha512-PpOwAdQ/YlXQ2vj8a3h8IipDuYRi3wceVQQGYWxNINccq40Anw7BlsEXCMbt1Zt+OLA6Fq9suIpIWD0OsnISlw==
  /for-in/1.0.2:
    dev: false
    engines:
      node: '>=0.10.0'
    resolution:
      integrity: sha1-gQaNKVqBQuwKxybG4iAMMPttXoA=
  /fragment-cache/0.2.1:
    dependencies:
      map-cache: 0.2.2
    dev: false
    engines:
      node: '>=0.10.0'
    resolution:
      integrity: sha1-QpD60n8T6Jvn8zeZxrxaCr//DRk=
  /fs.realpath/1.0.0:
    resolution:
      integrity: sha1-FQStJSMVjKpA20onh8sBQRmU6k8=
  /fsevents/2.0.7:
    dev: false
    engines:
      node: ^8.16.0 || ^10.6.0 || >=11.0.0
    optional: true
    os:
      - darwin
    resolution:
      integrity: sha512-a7YT0SV3RB+DjYcppwVDLtn13UQnmg0SWZS7ezZD0UjnLwXmy8Zm21GMVGLaFGimIqcvyMQaOJBrop8MyOp1kQ==
  /get-caller-file/2.0.5:
    dev: true
    engines:
      node: 6.* || 8.* || >= 10.*
    resolution:
      integrity: sha512-DyFP3BM/3YHTQOCUL/w0OZHR0lpKeGrxotcHWcqNEdnltqFwXVfhEBQ94eIo34AfQpo0rGki4cyIiftY06h2Fg==
  /get-value/2.0.6:
    dev: false
    engines:
      node: '>=0.10.0'
    resolution:
      integrity: sha1-3BXKHGcjh8p2vTesCjlbogQqLCg=
  /glob-parent/3.1.0:
    dependencies:
      is-glob: 3.1.0
      path-dirname: 1.0.2
    dev: false
    resolution:
      integrity: sha1-nmr2KZ2NO9K9QEMIMr0RPfkGxa4=
  /glob-parent/5.0.0:
    dependencies:
      is-glob: 4.0.1
    dev: false
    engines:
      node: '>= 6'
    resolution:
      integrity: sha512-Z2RwiujPRGluePM6j699ktJYxmPpJKCfpGA13jz2hmFZC7gKetzrWvg5KN3+OsIFmydGyZ1AVwERCq1w/ZZwRg==
  /glob-to-regexp/0.3.0:
    dev: false
    resolution:
      integrity: sha1-jFoUlNIGbFcMw7/kSWF1rMTVAqs=
  /glob/7.1.4:
    dependencies:
      fs.realpath: 1.0.0
      inflight: 1.0.6
      inherits: 2.0.3
      minimatch: 3.0.4
      once: 1.4.0
      path-is-absolute: 1.0.1
    dev: false
    resolution:
      integrity: sha512-hkLPepehmnKk41pUGm3sYxoFs/umurYfYJCerbXEyFIWcAzvpipAgVkBqqT9RBKMGjnq6kMuyYwha6csxbiM1A==
  /glob/7.1.6:
    dependencies:
      fs.realpath: 1.0.0
      inflight: 1.0.6
      inherits: 2.0.4
      minimatch: 3.0.4
      once: 1.4.0
      path-is-absolute: 1.0.1
    dev: true
    resolution:
      integrity: sha512-LwaxwyZ72Lk7vZINtNNrywX0ZuLyStrdDtabefZKAY5ZGJhVtgdznluResxNmPitE0SAO+O26sWTHeKSI2wMBA==
  /globby/9.2.0:
    dependencies:
      '@types/glob': 7.1.1
      array-union: 1.0.2
      dir-glob: 2.2.2
      fast-glob: 2.2.7
      glob: 7.1.4
      ignore: 4.0.6
      pify: 4.0.1
      slash: 2.0.0
    dev: false
    engines:
      node: '>=6'
    resolution:
      integrity: sha512-ollPHROa5mcxDEkwg6bPt3QbEf4pDQSNtd6JPL1YvOvAo/7/0VAm9TccUeoTmarjPw4pfUthSCqcyfNB1I3ZSg==
  /has-value/0.3.1:
    dependencies:
      get-value: 2.0.6
      has-values: 0.1.4
      isobject: 2.1.0
    dev: false
    engines:
      node: '>=0.10.0'
    resolution:
      integrity: sha1-ex9YutpiyoJ+wKIHgCVlSEWZXh8=
  /has-value/1.0.0:
    dependencies:
      get-value: 2.0.6
      has-values: 1.0.0
      isobject: 3.0.1
    dev: false
    engines:
      node: '>=0.10.0'
    resolution:
      integrity: sha1-GLKB2lhbHFxR3vJMkw7SmgvmsXc=
  /has-values/0.1.4:
    dev: false
    engines:
      node: '>=0.10.0'
    resolution:
      integrity: sha1-bWHeldkd/Km5oCCJrThL/49it3E=
  /has-values/1.0.0:
    dependencies:
      is-number: 3.0.0
      kind-of: 4.0.0
    dev: false
    engines:
      node: '>=0.10.0'
    resolution:
      integrity: sha1-lbC2P+whRmGab+V/51Yo1aOe/k8=
  /ignore/4.0.6:
    dev: false
    engines:
      node: '>= 4'
    resolution:
      integrity: sha512-cyFDKrqc/YdcWFniJhzI42+AzS+gNwmUzOSFcRCQYwySuBBBy/KjuxWLZ/FHEH6Moq1NizMOBWyTcv8O4OZIMg==
  /inflight/1.0.6:
    dependencies:
      once: 1.4.0
      wrappy: 1.0.2
    resolution:
      integrity: sha1-Sb1jMdfQLQwJvJEKEHW6gWW1bfk=
  /inherits/2.0.3:
    dev: false
    resolution:
      integrity: sha1-Yzwsg+PaQqUC9SRmAiSA9CCCYd4=
  /inherits/2.0.4:
    dev: true
    resolution:
      integrity: sha512-k/vGaX4/Yla3WzyMCvTQOXYeIHvqOKtnqBduzTHpzpQZzAskKMhZ2K+EnBiSM9zGSoIFeMpXKxa4dYeZIQqewQ==
  /is-accessor-descriptor/0.1.6:
    dependencies:
      kind-of: 3.2.2
    dev: false
    engines:
      node: '>=0.10.0'
    resolution:
      integrity: sha1-qeEss66Nh2cn7u84Q/igiXtcmNY=
  /is-accessor-descriptor/1.0.0:
    dependencies:
      kind-of: 6.0.2
    dev: false
    engines:
      node: '>=0.10.0'
    resolution:
      integrity: sha512-m5hnHTkcVsPfqx3AKlyttIPb7J+XykHvJP2B9bZDjlhLIoEq4XoK64Vg7boZlVWYK6LUY94dYPEE7Lh0ZkZKcQ==
  /is-binary-path/2.1.0:
    dependencies:
      binary-extensions: 2.0.0
    dev: false
    engines:
      node: '>=8'
    resolution:
      integrity: sha512-ZMERYes6pDydyuGidse7OsHxtbI7WVeUEozgR/g7rd0xUimYNlvZRE/K2MgZTjWy725IfelLeVcEM97mmtRGXw==
  /is-buffer/1.1.6:
    dev: false
    resolution:
      integrity: sha512-NcdALwpXkTm5Zvvbk7owOUSvVvBKDgKP5/ewfXEznmQFfs4ZRmanOeKBTjRVjka3QFoN6XJ+9F3USqfHqTaU5w==
  /is-data-descriptor/0.1.4:
    dependencies:
      kind-of: 3.2.2
    dev: false
    engines:
      node: '>=0.10.0'
    resolution:
      integrity: sha1-C17mSDiOLIYCgueT8YVv7D8wG1Y=
  /is-data-descriptor/1.0.0:
    dependencies:
      kind-of: 6.0.2
    dev: false
    engines:
      node: '>=0.10.0'
    resolution:
      integrity: sha512-jbRXy1FmtAoCjQkVmIVYwuuqDFUbaOeDjmed1tOGPrsMhtJA4rD9tkgA0F1qJ3gRFRXcHYVkdeaP50Q5rE/jLQ==
  /is-descriptor/0.1.6:
    dependencies:
      is-accessor-descriptor: 0.1.6
      is-data-descriptor: 0.1.4
      kind-of: 5.1.0
    dev: false
    engines:
      node: '>=0.10.0'
    resolution:
      integrity: sha512-avDYr0SB3DwO9zsMov0gKCESFYqCnE4hq/4z3TdUlukEy5t9C0YRq7HLrsN52NAcqXKaepeCD0n+B0arnVG3Hg==
  /is-descriptor/1.0.2:
    dependencies:
      is-accessor-descriptor: 1.0.0
      is-data-descriptor: 1.0.0
      kind-of: 6.0.2
    dev: false
    engines:
      node: '>=0.10.0'
    resolution:
      integrity: sha512-2eis5WqQGV7peooDyLmNEPUrps9+SXX5c9pL3xEB+4e9HnGuDa7mB7kHxHw4CbqS9k1T2hOH3miL8n8WtiYVtg==
  /is-extendable/0.1.1:
    dev: false
    engines:
      node: '>=0.10.0'
    resolution:
      integrity: sha1-YrEQ4omkcUGOPsNqYX1HLjAd/Ik=
  /is-extendable/1.0.1:
    dependencies:
      is-plain-object: 2.0.4
    dev: false
    engines:
      node: '>=0.10.0'
    resolution:
      integrity: sha512-arnXMxT1hhoKo9k1LZdmlNyJdDDfy2v0fXjFlmok4+i8ul/6WlbVge9bhM74OpNPQPMGUToDtz+KXa1PneJxOA==
  /is-extglob/2.1.1:
    dev: false
    engines:
      node: '>=0.10.0'
    resolution:
      integrity: sha1-qIwCU1eR8C7TfHahueqXc8gz+MI=
  /is-fullwidth-code-point/3.0.0:
    dev: true
    engines:
      node: '>=8'
    resolution:
      integrity: sha512-zymm5+u+sCsSWyD9qNaejV3DFvhCKclKdizYaJUuHA83RLjb7nSuGnddCHGv0hk+KY7BMAlsWeK4Ueg6EV6XQg==
  /is-glob/3.1.0:
    dependencies:
      is-extglob: 2.1.1
    dev: false
    engines:
      node: '>=0.10.0'
    resolution:
      integrity: sha1-e6WuJCF4BKxwcHuWkiVnSGzD6Eo=
  /is-glob/4.0.1:
    dependencies:
      is-extglob: 2.1.1
    dev: false
    engines:
      node: '>=0.10.0'
    resolution:
      integrity: sha512-5G0tKtBTFImOqDnLB2hG6Bp2qcKEFduo4tZu9MT/H6NQv/ghhy30o55ufafxJ/LdH79LLs2Kfrn85TLKyA7BUg==
  /is-number/3.0.0:
    dependencies:
      kind-of: 3.2.2
    dev: false
    engines:
      node: '>=0.10.0'
    resolution:
      integrity: sha1-JP1iAaR4LPUFYcgQJ2r8fRLXEZU=
  /is-number/7.0.0:
    dev: false
    engines:
      node: '>=0.12.0'
    resolution:
      integrity: sha512-41Cifkg6e8TylSpdtTpeLVMqvSBEVzTttHvERD741+pnZ8ANv0004MRL43QKPDlK9cGvNp6NZWZUBlbGXYxxng==
  /is-plain-object/2.0.4:
    dependencies:
      isobject: 3.0.1
    dev: false
    engines:
      node: '>=0.10.0'
    resolution:
      integrity: sha512-h5PpgXkWitc38BBMYawTYMWJHFZJVnBquFE57xFpjB8pJFiF6gZ+bU+WyI/yqXiFR5mdLsgYNaPe8uao6Uv9Og==
  /is-windows/1.0.2:
    dev: false
    engines:
      node: '>=0.10.0'
    resolution:
      integrity: sha512-eXK1UInq2bPmjyX6e3VHIzMLobc4J94i4AWn+Hpq3OU5KkrRC96OAcR3PRJ/pGu6m8TRnBHP9dkXQVsT/COVIA==
  /isarray/0.0.1:
    dev: true
    resolution:
      integrity: sha1-ihis/Kmo9Bd+Cav8YDiTmwXR7t8=
  /isarray/1.0.0:
    resolution:
      integrity: sha1-u5NdSFgsuhaMBoNJV6VKPgcSTxE=
  /isobject/2.1.0:
    dependencies:
      isarray: 1.0.0
    dev: false
    engines:
      node: '>=0.10.0'
    resolution:
      integrity: sha1-8GVWEJaj8dou9GJy+BXIQNh+DIk=
  /isobject/3.0.1:
    dev: false
    engines:
      node: '>=0.10.0'
    resolution:
      integrity: sha1-TkMekrEalzFjaqH5yNHMvP2reN8=
  /kind-of/3.2.2:
    dependencies:
      is-buffer: 1.1.6
    dev: false
    engines:
      node: '>=0.10.0'
    resolution:
      integrity: sha1-MeohpzS6ubuw8yRm2JOupR5KPGQ=
  /kind-of/4.0.0:
    dependencies:
      is-buffer: 1.1.6
    dev: false
    engines:
      node: '>=0.10.0'
    resolution:
      integrity: sha1-IIE989cSkosgc3hpGkUGb65y3Vc=
  /kind-of/5.1.0:
    dev: false
    engines:
      node: '>=0.10.0'
    resolution:
      integrity: sha512-NGEErnH6F2vUuXDh+OlbcKW7/wOcfdRHaZ7VWtqCztfHri/++YKmP51OdWeGPuqCOba6kk2OTe5d02VmTB80Pw==
  /kind-of/6.0.2:
    dev: false
    engines:
      node: '>=0.10.0'
    resolution:
      integrity: sha512-s5kLOcnH0XqDO+FvuaLX8DDjZ18CGFk7VygH40QoKPUQhW4e2rvM0rwUq0t8IQDOwYSeLK01U90OjzBTme2QqA==
  /locate-path/5.0.0:
    dependencies:
      p-locate: 4.1.0
    dev: true
    engines:
      node: '>=8'
    resolution:
      integrity: sha512-t7hw9pI+WvuwNJXwk5zVHpyhIqzg2qTlklJOf0mVxGSbe3Fp2VieZcduNYjaLDoy6p9uGpQEGWG87WpMKlNq8g==
  /map-cache/0.2.2:
    dev: false
    engines:
      node: '>=0.10.0'
    resolution:
      integrity: sha1-wyq9C9ZSXZsFFkW7TyasXcmKDb8=
  /map-visit/1.0.0:
    dependencies:
      object-visit: 1.0.1
    dev: false
    engines:
      node: '>=0.10.0'
    resolution:
      integrity: sha1-7Nyo8TFE5mDxtb1B8S80edmN+48=
  /merge2/1.2.3:
    dev: false
    engines:
      node: '>= 4.5.0'
    resolution:
      integrity: sha512-gdUU1Fwj5ep4kplwcmftruWofEFt6lfpkkr3h860CXbAB9c3hGb55EOL2ali0Td5oebvW0E1+3Sr+Ur7XfKpRA==
  /micromatch/3.1.10:
    dependencies:
      arr-diff: 4.0.0
      array-unique: 0.3.2
      braces: 2.3.2
      define-property: 2.0.2
      extend-shallow: 3.0.2
      extglob: 2.0.4
      fragment-cache: 0.2.1
      kind-of: 6.0.2
      nanomatch: 1.2.13
      object.pick: 1.3.0
      regex-not: 1.0.2
      snapdragon: 0.8.2
      to-regex: 3.0.2
    dev: false
    engines:
      node: '>=0.10.0'
    resolution:
      integrity: sha512-MWikgl9n9M3w+bpsY3He8L+w9eF9338xRl8IAO5viDizwSzziFEyUzo2xrrloB64ADbTf8uA8vRqqttDTOmccg==
  /minimatch/3.0.4:
    dependencies:
      brace-expansion: 1.1.11
    resolution:
      integrity: sha512-yJHVQEhyqPLUTgt9B83PXu6W3rx4MvvHvSUvToogpwoGDOUQ+yDrR0HRot+yOCdCO7u4hX3pWft6kWBBcqh0UA==
  /mixin-deep/1.3.1:
    dependencies:
      for-in: 1.0.2
      is-extendable: 1.0.1
    dev: false
    engines:
      node: '>=0.10.0'
    resolution:
      integrity: sha512-8ZItLHeEgaqEvd5lYBXfm4EZSFCX29Jb9K+lAHhDKzReKBQKj3R+7NOF6tjqYi9t4oI8VUfaWITJQm86wnXGNQ==
  /mkdirp/1.0.4:
    dev: true
    engines:
      node: '>=10'
    hasBin: true
    resolution:
      integrity: sha512-vVqVZQyf3WLx2Shd0qJ9xuvqgAyKPLAiqITEtqW0oIUjzo3PePDd6fW9iFz30ef7Ysp/oiWqbhszeGWW2T6Gzw==
  /ms/2.0.0:
    dev: false
    resolution:
      integrity: sha1-VgiurfwAvmwpAd9fmGF4jeDVl8g=
  /nanomatch/1.2.13:
    dependencies:
      arr-diff: 4.0.0
      array-unique: 0.3.2
      define-property: 2.0.2
      extend-shallow: 3.0.2
      fragment-cache: 0.2.1
      is-windows: 1.0.2
      kind-of: 6.0.2
      object.pick: 1.3.0
      regex-not: 1.0.2
      snapdragon: 0.8.2
      to-regex: 3.0.2
    dev: false
    engines:
      node: '>=0.10.0'
    resolution:
      integrity: sha512-fpoe2T0RbHwBTBUOftAfBPaDEi06ufaUai0mE6Yn1kacc3SnTErfb/h+X94VXzI64rKFHYImXSvdwGGCmwOqCA==
  /noms/0.0.0:
    dependencies:
      inherits: 2.0.4
      readable-stream: 1.0.34
    dev: true
    resolution:
      integrity: sha1-2o69nzr51nYJGbJ9nNyAkqczKFk=
  /normalize-path/3.0.0:
    dev: false
    engines:
      node: '>=0.10.0'
    resolution:
      integrity: sha512-6eZs5Ls3WtCisHWp9S2GUy8dqkpGi4BVSz3GaqiE6ezub0512ESztXUwUB6C6IKbQkY2Pnb/mD4WYojCRwcwLA==
  /object-copy/0.1.0:
    dependencies:
      copy-descriptor: 0.1.1
      define-property: 0.2.5
      kind-of: 3.2.2
    dev: false
    engines:
      node: '>=0.10.0'
    resolution:
      integrity: sha1-fn2Fi3gb18mRpBupde04EnVOmYw=
  /object-visit/1.0.1:
    dependencies:
      isobject: 3.0.1
    dev: false
    engines:
      node: '>=0.10.0'
    resolution:
      integrity: sha1-95xEk68MU3e1n+OdOV5BBC3QRbs=
  /object.pick/1.3.0:
    dependencies:
      isobject: 3.0.1
    dev: false
    engines:
      node: '>=0.10.0'
    resolution:
      integrity: sha1-h6EKxMFpS9Lhy/U1kaZhQftd10c=
  /once/1.4.0:
    dependencies:
      wrappy: 1.0.2
    resolution:
      integrity: sha1-WDsap3WWHUsROsF9nFC6753Xa9E=
  /p-limit/2.3.0:
    dependencies:
      p-try: 2.2.0
    dev: true
    engines:
      node: '>=6'
    resolution:
      integrity: sha512-//88mFWSJx8lxCzwdAABTJL2MyWB12+eIY7MDL2SqLmAkeKU9qxRvWuSyTjm3FUmpBEMuFfckAIqEaVGUDxb6w==
  /p-locate/4.1.0:
    dependencies:
      p-limit: 2.3.0
    dev: true
    engines:
      node: '>=8'
    resolution:
      integrity: sha512-R79ZZ/0wAxKGu3oYMlz8jy/kbhsNrS7SKZ7PxEHBgJ5+F2mtFW2fK2cOtBh1cHYkQsbzFV7I+EoRKe6Yt0oK7A==
  /p-try/2.2.0:
    dev: true
    engines:
      node: '>=6'
    resolution:
      integrity: sha512-R4nPAVTAU0B9D35/Gk3uJf/7XYbQcyohSKdvAxIRSNghFl4e71hVoGnBNQz9cWaXxO2I10KTC+3jMdvvoKw6dQ==
  /pascalcase/0.1.1:
    dev: false
    engines:
      node: '>=0.10.0'
    resolution:
      integrity: sha1-s2PlXoAGym/iF4TS2yK9FdeRfxQ=
  /path-dirname/1.0.2:
    dev: false
    resolution:
      integrity: sha1-zDPSTVJeCZpTiMAzbG4yuRYGCeA=
  /path-exists/4.0.0:
    dev: true
    engines:
      node: '>=8'
    resolution:
      integrity: sha512-ak9Qy5Q7jYb2Wwcey5Fpvg2KoAc/ZIhLSLOSBmRmygPsGwkVVt0fZa0qrtMz+m6tJTAHfZQ8FnmB4MG4LWy7/w==
  /path-is-absolute/1.0.1:
    engines:
      node: '>=0.10.0'
    resolution:
      integrity: sha1-F0uSaHNVNP+8es5r9TpanhtcX18=
  /path-type/3.0.0:
    dependencies:
      pify: 3.0.0
    dev: false
    engines:
      node: '>=4'
    resolution:
      integrity: sha512-T2ZUsdZFHgA3u4e5PfPbjd7HDDpxPnQb5jN0SrDsjNSuVXHJqtwTnWqG0B1jZrgmJ/7lj1EmVIByWt1gxGkWvg==
  /picomatch/2.0.7:
    dev: false
    engines:
      node: '>=8'
    resolution:
      integrity: sha512-oLHIdio3tZ0qH76NybpeneBhYVj0QFTfXEFTc/B3zKQspYfYYkWYgFsmzo+4kvId/bQRcNkVeguI3y+CD22BtA==
  /pify/3.0.0:
    dev: false
    engines:
      node: '>=4'
    resolution:
      integrity: sha1-5aSs0sEB/fPZpNB/DbxNtJ3SgXY=
  /pify/4.0.1:
    dev: false
    engines:
      node: '>=6'
    resolution:
      integrity: sha512-uB80kBFb/tfd68bVleG9T5GGsGPjJrLAUpR5PZIrhBnIaRTQRjqdJSsIKkOP6OAIFbj7GOrcudc5pNjZ+geV2g==
  /posix-character-classes/0.1.1:
    dev: false
    engines:
      node: '>=0.10.0'
    resolution:
      integrity: sha1-AerA/jta9xoqbAL+q7jB/vfgDqs=
  /process-nextick-args/2.0.1:
    dev: true
    resolution:
      integrity: sha512-3ouUOpQhtgrbOa17J7+uxOTpITYWaGP7/AhoR3+A+/1e9skrzelGi/dXzEYyvbxubEF6Wn2ypscTKiKJFFn1ag==
  /readable-stream/1.0.34:
    dependencies:
      core-util-is: 1.0.2
      inherits: 2.0.4
      isarray: 0.0.1
      string_decoder: 0.10.31
    dev: true
    resolution:
      integrity: sha1-Elgg40vIQtLyqq+v5MKRbuMsFXw=
  /readable-stream/2.3.7:
    dependencies:
      core-util-is: 1.0.2
      inherits: 2.0.4
      isarray: 1.0.0
      process-nextick-args: 2.0.1
      safe-buffer: 5.1.2
      string_decoder: 1.1.1
      util-deprecate: 1.0.2
    dev: true
    resolution:
      integrity: sha512-Ebho8K4jIbHAxnuxi7o42OrZgF/ZTNcsZj6nRKyUmkhLFq8CHItp/fy6hQZuZmP/n3yZ9VBUbp4zz/mX8hmYPw==
  /readdirp/3.0.2:
    dependencies:
      picomatch: 2.0.7
    dev: false
    engines:
      node: '>= 8'
    resolution:
      integrity: sha512-LbyJYv48eywrhOlScq16H/VkCiGKGPC2TpOdZCJ7QXnYEjn3NN/Oblh8QEU3vqfSRBB7OGvh5x45NKiVeNujIQ==
  /regex-not/1.0.2:
    dependencies:
      extend-shallow: 3.0.2
      safe-regex: 1.1.0
    dev: false
    engines:
      node: '>=0.10.0'
    resolution:
      integrity: sha512-J6SDjUgDxQj5NusnOtdFxDwN/+HWykR8GELwctJ7mdqhcyy1xEc4SRFHUXvxTp661YaVKAjfRLZ9cCqS6tn32A==
  /repeat-element/1.1.3:
    dev: false
    engines:
      node: '>=0.10.0'
    resolution:
      integrity: sha512-ahGq0ZnV5m5XtZLMb+vP76kcAM5nkLqk0lpqAuojSKGgQtn4eRi4ZZGm2olo2zKFH+sMsWaqOCW1dqAnOru72g==
  /repeat-string/1.6.1:
    dev: false
    engines:
      node: '>=0.10'
    resolution:
      integrity: sha1-jcrkcOHIirwtYA//Sndihtp15jc=
  /require-directory/2.1.1:
    dev: true
    engines:
      node: '>=0.10.0'
    resolution:
      integrity: sha1-jGStX9MNqxyXbiNE/+f3kqam30I=
  /require-main-filename/2.0.0:
    dev: true
    resolution:
      integrity: sha512-NKN5kMDylKuldxYLSUfrbo5Tuzh4hd+2E8NPPX02mZtn1VuREQToYe/ZdlJy+J3uCpfaiGF05e7B8W0iXbQHmg==
  /resolve-url/0.2.1:
    dev: false
    resolution:
      integrity: sha1-LGN/53yJOv0qZj/iGqkIAGjiBSo=
  /ret/0.1.15:
    dev: false
    engines:
      node: '>=0.12'
    resolution:
      integrity: sha512-TTlYpa+OL+vMMNG24xSlQGEJ3B/RzEfUlLct7b5G/ytav+wPrplCpVMFuwzXbkecJrb6IYo1iFb0S9v37754mg==
  /rimraf/3.0.2:
    dependencies:
      glob: 7.1.6
    dev: true
    hasBin: true
    resolution:
      integrity: sha512-JZkJMZkAGFFPP2YqXZXPbMlMBgsxzE8ILs4lMIX/2o0L9UBw9O/Y3o6wFw/i9YLapcUJWwqbi3kdxIPdC62TIA==
  /safe-buffer/5.1.2:
    dev: true
    resolution:
      integrity: sha512-Gd2UZBJDkXlY7GbJxfsE8/nvKkUEU1G38c1siN6QP6a9PT9MmHB8GnpscSmMJSoF8LOIrt8ud/wPtojys4G6+g==
  /safe-regex/1.1.0:
    dependencies:
      ret: 0.1.15
    dev: false
    resolution:
      integrity: sha1-QKNmnzsHfR6UPURinhV91IAjvy4=
  /set-blocking/2.0.0:
    dev: true
    resolution:
      integrity: sha1-BF+XgtARrppoA93TgrJDkrPYkPc=
  /set-value/0.4.3:
    dependencies:
      extend-shallow: 2.0.1
      is-extendable: 0.1.1
      is-plain-object: 2.0.4
      to-object-path: 0.3.0
    dev: false
    engines:
      node: '>=0.10.0'
    resolution:
      integrity: sha1-fbCPnT0i3H945Trzw79GZuzfzPE=
  /set-value/2.0.0:
    dependencies:
      extend-shallow: 2.0.1
      is-extendable: 0.1.1
      is-plain-object: 2.0.4
      split-string: 3.1.0
    dev: false
    engines:
      node: '>=0.10.0'
    resolution:
      integrity: sha512-hw0yxk9GT/Hr5yJEYnHNKYXkIA8mVJgd9ditYZCe16ZczcaELYYcfvaXesNACk2O8O0nTiPQcQhGUQj8JLzeeg==
  /slash/2.0.0:
    dev: false
    engines:
      node: '>=6'
    resolution:
      integrity: sha512-ZYKh3Wh2z1PpEXWr0MpSBZ0V6mZHAQfYevttO11c51CaWjGTaadiKZ+wVt1PbMlDV5qhMFslpZCemhwOK7C89A==
  /snapdragon-node/2.1.1:
    dependencies:
      define-property: 1.0.0
      isobject: 3.0.1
      snapdragon-util: 3.0.1
    dev: false
    engines:
      node: '>=0.10.0'
    resolution:
      integrity: sha512-O27l4xaMYt/RSQ5TR3vpWCAB5Kb/czIcqUFOM/C4fYcLnbZUc1PkjTAMjof2pBWaSTwOUd6qUHcFGVGj7aIwnw==
  /snapdragon-util/3.0.1:
    dependencies:
      kind-of: 3.2.2
    dev: false
    engines:
      node: '>=0.10.0'
    resolution:
      integrity: sha512-mbKkMdQKsjX4BAL4bRYTj21edOf8cN7XHdYUJEe+Zn99hVEYcMvKPct1IqNe7+AZPirn8BCDOQBHQZknqmKlZQ==
  /snapdragon/0.8.2:
    dependencies:
      base: 0.11.2
      debug: 2.6.9
      define-property: 0.2.5
      extend-shallow: 2.0.1
      map-cache: 0.2.2
      source-map: 0.5.7
      source-map-resolve: 0.5.2
      use: 3.1.1
    dev: false
    engines:
      node: '>=0.10.0'
    resolution:
      integrity: sha512-FtyOnWN/wCHTVXOMwvSv26d+ko5vWlIDD6zoUJ7LW8vh+ZBC8QdljveRP+crNrtBwioEUWy/4dMtbBjA4ioNlg==
  /source-map-resolve/0.5.2:
    dependencies:
      atob: 2.1.2
      decode-uri-component: 0.2.0
      resolve-url: 0.2.1
      source-map-url: 0.4.0
      urix: 0.1.0
    dev: false
    resolution:
      integrity: sha512-MjqsvNwyz1s0k81Goz/9vRBe9SZdB09Bdw+/zYyO+3CuPk6fouTaxscHkgtE8jKvf01kVfl8riHzERQ/kefaSA==
  /source-map-url/0.4.0:
    dev: false
    resolution:
      integrity: sha1-PpNdfd1zYxuXZZlW1VEo6HtQhKM=
  /source-map/0.5.7:
    dev: false
    engines:
      node: '>=0.10.0'
    resolution:
      integrity: sha1-igOdLRAh0i0eoUyA2OpGi6LvP8w=
  /split-string/3.1.0:
    dependencies:
      extend-shallow: 3.0.2
    dev: false
    engines:
      node: '>=0.10.0'
    resolution:
      integrity: sha512-NzNVhJDYpwceVVii8/Hu6DKfD2G+NrQHlS/V/qgv763EYudVwEcMQNxd2lh+0VrUByXN/oJkl5grOhYWvQUYiw==
  /static-extend/0.1.2:
    dependencies:
      define-property: 0.2.5
      object-copy: 0.1.0
    dev: false
    engines:
      node: '>=0.10.0'
    resolution:
      integrity: sha1-YICcOcv/VTNyJv1eC1IPNB8ftcY=
  /string-width/4.2.0:
    dependencies:
      emoji-regex: 8.0.0
      is-fullwidth-code-point: 3.0.0
      strip-ansi: 6.0.0
    dev: true
    engines:
      node: '>=8'
    resolution:
      integrity: sha512-zUz5JD+tgqtuDjMhwIg5uFVV3dtqZ9yQJlZVfq4I01/K5Paj5UHj7VyrQOJvzawSVlKpObApbfD0Ed6yJc+1eg==
  /string_decoder/0.10.31:
    dev: true
    resolution:
      integrity: sha1-YuIDvEF2bGwoyfyEMB2rHFMQ+pQ=
  /string_decoder/1.1.1:
    dependencies:
      safe-buffer: 5.1.2
    dev: true
    resolution:
      integrity: sha512-n/ShnvDi6FHbbVfviro+WojiFzv+s8MPMHBczVePfUpDJLwoLT0ht1l4YwBCbi8pJAveEEdnkHyPyTP/mzRfwg==
  /strip-ansi/6.0.0:
    dependencies:
      ansi-regex: 5.0.0
    dev: true
    engines:
      node: '>=8'
    resolution:
      integrity: sha512-AuvKTrTfQNYNIctbR1K/YGTR1756GycPsg7b9bdV9Duqur4gv6aKqHXah67Z8ImS7WEz5QVcOtlfW2rZEugt6w==
  /through2/2.0.5:
    dependencies:
      readable-stream: 2.3.7
      xtend: 4.0.2
    dev: true
    resolution:
      integrity: sha512-/mrRod8xqpA+IHSLyGCQ2s8SPHiCDEeQJSep1jqLYeEUClOFG2Qsh+4FU6G9VeqpZnGW/Su8LQGc4YKni5rYSQ==
  /to-object-path/0.3.0:
    dependencies:
      kind-of: 3.2.2
    dev: false
    engines:
      node: '>=0.10.0'
    resolution:
      integrity: sha1-KXWIt7Dn4KwI4E5nL4XB9JmeF68=
  /to-regex-range/2.1.1:
    dependencies:
      is-number: 3.0.0
      repeat-string: 1.6.1
    dev: false
    engines:
      node: '>=0.10.0'
    resolution:
      integrity: sha1-fIDBe53+vlmeJzZ+DU3VWQFB2zg=
  /to-regex-range/5.0.1:
    dependencies:
      is-number: 7.0.0
    dev: false
    engines:
      node: '>=8.0'
    resolution:
      integrity: sha512-65P7iz6X5yEr1cwcgvQxbbIw7Uk3gOy5dIdtZ4rDveLqhrdJP+Li/Hx6tyK0NEb+2GCyneCMJiGqrADCSNk8sQ==
  /to-regex/3.0.2:
    dependencies:
      define-property: 2.0.2
      extend-shallow: 3.0.2
      regex-not: 1.0.2
      safe-regex: 1.1.0
    dev: false
    engines:
      node: '>=0.10.0'
    resolution:
      integrity: sha512-FWtleNAtZ/Ki2qtqej2CXTOayOH9bHDQF+Q48VpWyDXjbYxA4Yz8iDB31zXOBUlOHHKidDbqGVrTUvQMPmBGBw==
  /union-value/1.0.0:
    dependencies:
      arr-union: 3.1.0
      get-value: 2.0.6
      is-extendable: 0.1.1
      set-value: 0.4.3
    dev: false
    engines:
      node: '>=0.10.0'
    resolution:
      integrity: sha1-XHHDTLW61dzr4+oM0IIHulqhrqQ=
  /unset-value/1.0.0:
    dependencies:
      has-value: 0.3.1
      isobject: 3.0.1
    dev: false
    engines:
      node: '>=0.10.0'
    resolution:
      integrity: sha1-g3aHP30jNRef+x5vw6jtDfyKtVk=
  /untildify/4.0.0:
    dev: true
    engines:
      node: '>=8'
    resolution:
      integrity: sha512-KK8xQ1mkzZeg9inewmFVDNkg3l5LUhoq9kN6iWYB/CC9YMG8HA+c1Q8HwDe6dEX7kErrEVNVBO3fWsVq5iDgtw==
  /urix/0.1.0:
    dev: false
    resolution:
      integrity: sha1-2pN/emLiH+wf0Y1Js1wpNQZ6bHI=
  /use/3.1.1:
    dev: false
    engines:
      node: '>=0.10.0'
    resolution:
      integrity: sha512-cwESVXlO3url9YWlFW/TA9cshCEhtu7IKJ/p5soJ/gGpj7vbvFrAY/eIioQ6Dw23KjZhYgiIo8HOs1nQ2vr/oQ==
  /util-deprecate/1.0.2:
    dev: true
    resolution:
      integrity: sha1-RQ1Nyfpw3nMnYvvS1KKJgUGaDM8=
  /which-module/2.0.0:
    dev: true
    resolution:
      integrity: sha1-2e8H3Od7mQK4o6j6SzHD4/fm6Ho=
  /wrap-ansi/6.2.0:
    dependencies:
      ansi-styles: 4.3.0
      string-width: 4.2.0
      strip-ansi: 6.0.0
    dev: true
    engines:
      node: '>=8'
    resolution:
      integrity: sha512-r6lPcBGxZXlIcymEu7InxDMhdW0KDxpLgoFLcguasxCaJ/SOIZwINatK9KY/tf+ZrlywOKU0UDj3ATXUBfxJXA==
  /wrappy/1.0.2:
    resolution:
      integrity: sha1-tSQ9jz7BqjXxNkYFvA0QNuMKtp8=
  /xtend/4.0.2:
    dev: true
    engines:
      node: '>=0.4'
    resolution:
      integrity: sha512-LKYU1iAXJXUgAXn9URjiu+MWhyUXHsvfp7mcuYm9dSUKK0/CjtrUwFAxD82/mCWbtLsGjFIad0wIsod4zrTAEQ==
  /y18n/4.0.0:
    dev: true
    resolution:
      integrity: sha512-r9S/ZyXu/Xu9q1tYlpsLIsa3EeLXXk0VwlxqTcFRfg9EhMW+17kbt9G0NrgCmhGb5vT2hyhJZLfDGx+7+5Uj/w==
  /yargs-parser/18.1.3:
    dependencies:
      camelcase: 5.3.1
      decamelize: 1.2.0
    dev: true
    engines:
      node: '>=6'
    resolution:
      integrity: sha512-o50j0JeToy/4K6OZcaQmW6lyXXKhq7csREXcDwk2omFPJEwUNOVtJKvmDr9EI1fAJZUyZcRF7kxGBWmRXudrCQ==
  /yargs/15.4.1:
    dependencies:
      cliui: 6.0.0
      decamelize: 1.2.0
      find-up: 4.1.0
      get-caller-file: 2.0.5
      require-directory: 2.1.1
      require-main-filename: 2.0.0
      set-blocking: 2.0.0
      string-width: 4.2.0
      which-module: 2.0.0
      y18n: 4.0.0
      yargs-parser: 18.1.3
    dev: true
    engines:
      node: '>=8'
    resolution:
      integrity: sha512-aePbxDmcYW++PaqBsJ+HYUFwCdv4LVvdnhBy78E57PIor8/OVvhMrADFFEDh8DHDFRv/O9i3lPhsENjO7QX0+A==
specifiers:
  '@jfonx/console-utils': ^1.0.3
  '@jfonx/file-utils': ^1.0.0
  '@types/node': ^11.12.0
  chokidar: ^3.0.0
  commander: ^2.19.0
  copyfiles: ^2.4.0
  globby: ^9.2.0
  normalize-path: ^3.0.0
  rimraf: ^3.0.2
