{
  "name": "project7",
  "lockfileVersion": 2,
  "requires": true,
  "packages": {
    "": {
      "devDependencies": {
        "@tsconfig/node14": "^1.0.0"
      }
    },
    "node_modules/@tsconfig/node14": {
      "version": "1.0.0",
      "resolved": "https://registry.npmjs.org/@tsconfig/node14/-/node14-1.0.0.tgz",
      "integrity": "sha512-RKkL8eTdPv6t5EHgFKIVQgsDapugbuOptNd9OOunN/HAkzmmTnZELx1kNCK0rSdUYGmiFMM3rRQMAWiyp023LQ==",
      "dev": true
    }
  },
  "dependencies": {
    "@tsconfig/node14": {
      "version": "1.0.0",
      "resolved": "https://registry.npmjs.org/@tsconfig/node14/-/node14-1.0.0.tgz",
      "integrity": "sha512-RKkL8eTdPv6t5EHgFKIVQgsDapugbuOptNd9OOunN/HAkzmmTnZELx1kNCK0rSdUYGmiFMM3rRQMAWiyp023LQ==",
      "dev": true
    }
  }
}
