{
  "requires": true,
  "lockfileVersion": 1,
  "dependencies": {
    "@esfx/collection-core": {
      "version": "1.0.0-pre.17",
      "resolved": "https://registry.npmjs.org/@esfx/collection-core/-/collection-core-1.0.0-pre.17.tgz",
      "integrity": "sha512-dzaw35wkW/tzbLtbxRGU5laNxAejGNVY83Snj7gJie3lQ4HefJ0CPYzeLWN2JvMc6G4ut5kmfGfyXvVIyKQKxw==",
      "requires": {
        "@esfx/internal-deprecate": "^1.0.0-pre.17",
        "@esfx/internal-guards": "^1.0.0-pre.17"
      }
    },
    "@esfx/collections-hashmap": {
      "version": "1.0.0-pre.17",
      "resolved": "https://registry.npmjs.org/@esfx/collections-hashmap/-/collections-hashmap-1.0.0-pre.17.tgz",
      "integrity": "sha512-cptgCpDX7JDY0Y+vlzJ7b4T1iaEvOIWbqThaTI7zdWuWS8fmOpcJGXtCoDmT2VdMWFA+VRVveOqETggUo2S+RQ==",
      "requires": {
        "@esfx/collection-core": "^1.0.0-pre.17",
        "@esfx/equatable": "^1.0.0-pre.17",
        "@esfx/internal-collections-hash": "^1.0.0-pre.17",
        "@esfx/internal-guards": "^1.0.0-pre.17"
      }
    },
    "@esfx/equatable": {
      "version": "1.0.0-pre.17",
      "resolved": "https://registry.npmjs.org/@esfx/equatable/-/equatable-1.0.0-pre.17.tgz",
      "integrity": "sha512-VzHDMmVj2JsE75yBDL2H6h0BcxSQLdYCYD7KomXxa2BuJvhbOabPOTyapy7+ECzyHrffnNVzFbGs+At3xdGbEw==",
      "requires": {
        "@esfx/internal-deprecate": "^1.0.0-pre.17",
        "@esfx/internal-hashcode": "^1.0.0-pre.17"
      }
    },
    "@esfx/internal-collections-hash": {
      "version": "1.0.0-pre.17",
      "resolved": "https://registry.npmjs.org/@esfx/internal-collections-hash/-/internal-collections-hash-1.0.0-pre.17.tgz",
      "integrity": "sha512-WEbMFcjpA5jKA3E7Tplz2uVmAufhnlA7lcEl+t6GYLFocBBx92CwDB3PYbYVyBtB5Dcj3G3YtqlcBQaOjEmoaw==",
      "requires": {
        "@esfx/equatable": "^1.0.0-pre.17",
        "@esfx/internal-integers": "^1.0.0-pre.17"
      }
    },
    "@esfx/internal-deprecate": {
      "version": "1.0.0-pre.17",
      "resolved": "https://registry.npmjs.org/@esfx/internal-deprecate/-/internal-deprecate-1.0.0-pre.17.tgz",
      "integrity": "sha512-91dsKj+a5HQuzxnuFuQGOVQK9uLNRvpAeUapFyIDSBC2ARjHvUBcTDlRaQvP7f0qhiHivWn/I6mA3IgUgDptnA=="
    },
    "@esfx/internal-guards": {
      "version": "1.0.0-pre.17",
      "resolved": "https://registry.npmjs.org/@esfx/internal-guards/-/internal-guards-1.0.0-pre.17.tgz",
      "integrity": "sha512-QzDEALC/eVhee+7Rk/9IKLJ7afzD08CqqYcOdE/6K9BOR18rBMxadDZ+0dCkVyLYhz2iNynAh8a3IAEBFfx3Sw==",
      "requires": {
        "@esfx/type-model": "^1.0.0-pre.17"
      }
    },
    "@esfx/internal-hashcode": {
      "version": "1.0.0-pre.17",
      "resolved": "https://registry.npmjs.org/@esfx/internal-hashcode/-/internal-hashcode-1.0.0-pre.17.tgz",
      "integrity": "sha512-plMkjPEKlVjjfaHjh9J5VKDDpKLNhJOwuB94coWYLx/PkxgPpbYW7lUiWi6TwunxxjcF0dQa4EIk24HejvNmmw==",
      "requires": {
        "@esfx/internal-murmur3": "^1.0.0-pre.17"
      }
    },
    "@esfx/internal-integers": {
      "version": "1.0.0-pre.17",
      "resolved": "https://registry.npmjs.org/@esfx/internal-integers/-/internal-integers-1.0.0-pre.17.tgz",
      "integrity": "sha512-VUh5O/3wwUBoUC3KcUZSSk48EDdY7AtWUf8NgaelFJjOC7KxZ2e6HFfvyBflannttAYSfomv0mdvvJt3/IE6dA=="
    },
    "@esfx/internal-murmur3": {
      "version": "1.0.0-pre.17",
      "resolved": "https://registry.npmjs.org/@esfx/internal-murmur3/-/internal-murmur3-1.0.0-pre.17.tgz",
      "integrity": "sha512-AHTmhvM663suNCaj3Xak0OrXFifb2QNdMJh4/VRP5cnfja7jwRaYka/3VtG5DR4JXgzc1cZ+E87ZFF/SkojcWw=="
    },
    "@esfx/type-model": {
      "version": "1.0.0-pre.17",
      "resolved": "https://registry.npmjs.org/@esfx/type-model/-/type-model-1.0.0-pre.17.tgz",
      "integrity": "sha512-jJfiYUD1ntLme6uxDol7McJZ2wfZkLHw0nEuHwyGNn99oL29U0aO+xNGhDQs9Lr5ytF1NbXojFiAxVmgRfBPzA=="
    }
  }
}
